
Microsoft Visual Studio Solution File, Format Version 12.00
# Visual Studio Version 16
VisualStudioVersion = 16.0.29311.281
MinimumVisualStudioVersion = 10.0.40219.1
Project("{FAE04EC0-301F-11D3-BF4B-00C04F79EFBC}") = "GameLoaderWPF", "GameLoaderWPF.csproj", "{5059EDB5-14FB-455F-A72C-66CB5F3671F5}"
EndProject
Global
	GlobalSection(SolutionConfigurationPlatforms) = preSolution
		Debug|Any CPU = Debug|Any CPU
		Release|Any CPU = Release|Any CPU
	EndGlobalSection
	GlobalSection(ProjectConfigurationPlatforms) = postSolution
		{5059EDB5-14FB-455F-A72C-66CB5F3671F5}.Debug|Any CPU.ActiveCfg = Debug|Any CPU
		{5059EDB5-14FB-455F-A72C-66CB5F3671F5}.Debug|Any CPU.Build.0 = Debug|Any CPU
		{5059EDB5-14FB-455F-A72C-66CB5F3671F5}.Release|Any CPU.ActiveCfg = Release|Any CPU
		{5059EDB5-14FB-455F-A72C-66CB5F3671F5}.Release|Any CPU.Build.0 = Release|Any CPU
	EndGlobalSection
	GlobalSection(SolutionProperties) = preSolution
		HideSolutionNode = FALSE
	EndGlobalSection
	GlobalSection(ExtensibilityGlobals) = postSolution
		SolutionGuid = {8FD4C616-0C30-46E3-BEFC-F0D883B4A0A8}
	EndGlobalSection
EndGlobal
