
Microsoft Visual Studio Solution File, Format Version 12.00
# Visual Studio Version 16
VisualStudioVersion = 16.0.29123.89
MinimumVisualStudioVersion = 10.0.40219.1
Project("{9A19103F-16F7-4668-BE54-9A1E7A4F7556}") = "BaseGPXWindowsAndControlsCore", "BaseGPXWindowsAndControlsCore.csproj", "{39F85C68-30F6-4BA6-A909-E4AECD8E0A78}"
EndProject
Global
	GlobalSection(SolutionConfigurationPlatforms) = preSolution
		Debug|Any CPU = Debug|Any CPU
		Release|Any CPU = Release|Any CPU
	EndGlobalSection
	GlobalSection(ProjectConfigurationPlatforms) = postSolution
		{39F85C68-30F6-4BA6-A909-E4AECD8E0A78}.Debug|Any CPU.ActiveCfg = Debug|Any CPU
		{39F85C68-30F6-4BA6-A909-E4AECD8E0A78}.Debug|Any CPU.Build.0 = Debug|Any CPU
		{39F85C68-30F6-4BA6-A909-E4AECD8E0A78}.Release|Any CPU.ActiveCfg = Release|Any CPU
		{39F85C68-30F6-4BA6-A909-E4AECD8E0A78}.Release|Any CPU.Build.0 = Release|Any CPU
	EndGlobalSection
	GlobalSection(SolutionProperties) = preSolution
		HideSolutionNode = FALSE
	EndGlobalSection
	GlobalSection(ExtensibilityGlobals) = postSolution
		SolutionGuid = {E461E1F0-F44F-4EBE-A319-F9C8198CC662}
	EndGlobalSection
EndGlobal
