
Microsoft Visual Studio Solution File, Format Version 12.00
# Visual Studio Version 16
VisualStudioVersion = 16.0.29209.152
MinimumVisualStudioVersion = 10.0.40219.1
Project("{FAE04EC0-301F-11D3-BF4B-00C04F79EFBC}") = "SpellingDll", "SpellingDll.csproj", "{847ED7B0-79B1-4A75-B38E-67319BF982C0}"
EndProject
Global
	GlobalSection(SolutionConfigurationPlatforms) = preSolution
		Debug|Any CPU = Debug|Any CPU
		Release|Any CPU = Release|Any CPU
	EndGlobalSection
	GlobalSection(ProjectConfigurationPlatforms) = postSolution
		{847ED7B0-79B1-4A75-B38E-67319BF982C0}.Debug|Any CPU.ActiveCfg = Debug|Any CPU
		{847ED7B0-79B1-4A75-B38E-67319BF982C0}.Debug|Any CPU.Build.0 = Debug|Any CPU
		{847ED7B0-79B1-4A75-B38E-67319BF982C0}.Release|Any CPU.ActiveCfg = Release|Any CPU
		{847ED7B0-79B1-4A75-B38E-67319BF982C0}.Release|Any CPU.Build.0 = Release|Any CPU
	EndGlobalSection
	GlobalSection(SolutionProperties) = preSolution
		HideSolutionNode = FALSE
	EndGlobalSection
	GlobalSection(ExtensibilityGlobals) = postSolution
		SolutionGuid = {22DE3562-1CAA-4552-8C24-F5DC24CBD816}
	EndGlobalSection
EndGlobal
