
Microsoft Visual Studio Solution File, Format Version 12.00
# Visual Studio Version 16
VisualStudioVersion = 16.0.29123.89
MinimumVisualStudioVersion = 10.0.40219.1
Project("{9A19103F-16F7-4668-BE54-9A1E7A4F7556}") = "BaseGPXPagesAndControlsXF", "BaseGPXPagesAndControlsXF.csproj", "{CA1453FB-EB9F-48F1-8758-0812608BE397}"
EndProject
Global
	GlobalSection(SolutionConfigurationPlatforms) = preSolution
		Debug|Any CPU = Debug|Any CPU
		Release|Any CPU = Release|Any CPU
	EndGlobalSection
	GlobalSection(ProjectConfigurationPlatforms) = postSolution
		{CA1453FB-EB9F-48F1-8758-0812608BE397}.Debug|Any CPU.ActiveCfg = Debug|Any CPU
		{CA1453FB-EB9F-48F1-8758-0812608BE397}.Debug|Any CPU.Build.0 = Debug|Any CPU
		{CA1453FB-EB9F-48F1-8758-0812608BE397}.Release|Any CPU.ActiveCfg = Release|Any CPU
		{CA1453FB-EB9F-48F1-8758-0812608BE397}.Release|Any CPU.Build.0 = Release|Any CPU
	EndGlobalSection
	GlobalSection(SolutionProperties) = preSolution
		HideSolutionNode = FALSE
	EndGlobalSection
	GlobalSection(ExtensibilityGlobals) = postSolution
		SolutionGuid = {B467397C-41FD-4527-885B-A93403A81948}
	EndGlobalSection
EndGlobal
